// !$*UTF8*$!
{
	archiveVersion = 1;
	classes = {
	};
	objectVersion = 46;
	objects = {

/* Begin PBXBuildFile section */
		1F01F2ED1CD8ECDE0059E9D2 /* AppDelegate.m in Sources */ = {isa = PBXBuildFile; fileRef = 1F01F2EC1CD8ECDE0059E9D2 /* AppDelegate.m */; };
		1F01F2F01CD8ECDE0059E9D2 /* main.m in Sources */ = {isa = PBXBuildFile; fileRef = 1F01F2EF1CD8ECDE0059E9D2 /* main.m */; };
		1F01F2F21CD8ECDE0059E9D2 /* Assets.xcassets in Resources */ = {isa = PBXBuildFile; fileRef = 1F01F2F11CD8ECDE0059E9D2 /* Assets.xcassets */; };
		1F01F2FF1CD8F53F0059E9D2 /* CmdUtil.m in Sources */ = {isa = PBXBuildFile; fileRef = 1F01F2FE1CD8F53F0059E9D2 /* CmdUtil.m */; };
		1F01F3061CD8F6D30059E9D2 /* GitUtil.m in Sources */ = {isa = PBXBuildFile; fileRef = 1F01F3051CD8F6D30059E9D2 /* GitUtil.m */; };
		1F01F3091CD8F9780059E9D2 /* FileUtil.m in Sources */ = {isa = PBXBuildFile; fileRef = 1F01F3081CD8F9780059E9D2 /* FileUtil.m */; };
		1F01F30E1CD8FB8F0059E9D2 /* TestUtil.m in Sources */ = {isa = PBXBuildFile; fileRef = 1F01F30D1CD8FB8F0059E9D2 /* TestUtil.m */; };
		1F01F3131CD905960059E9D2 /* Repository.m in Sources */ = {isa = PBXBuildFile; fileRef = 1F01F3121CD905960059E9D2 /* Repository.m */; };
		1F01F3161CD9059D0059E9D2 /* Branch.m in Sources */ = {isa = PBXBuildFile; fileRef = 1F01F3151CD9059D0059E9D2 /* Branch.m */; };
		1F01F3181CD907990059E9D2 /* repo.plist in Resources */ = {isa = PBXBuildFile; fileRef = 1F01F3171CD907990059E9D2 /* repo.plist */; };
		1F01F31F1CD908C30059E9D2 /* RepoUtil.m in Sources */ = {isa = PBXBuildFile; fileRef = 1F01F31E1CD908C30059E9D2 /* RepoUtil.m */; };
		1F1F30FD1CDA206100A39FD1 /* RepoWindowController.m in Sources */ = {isa = PBXBuildFile; fileRef = 1F1F30FB1CDA206100A39FD1 /* RepoWindowController.m */; };
		1F1F30FE1CDA206100A39FD1 /* RepoWindowController.xib in Resources */ = {isa = PBXBuildFile; fileRef = 1F1F30FC1CDA206100A39FD1 /* RepoWindowController.xib */; };
		1F1F31011CDA236C00A39FD1 /* RepoCellView.m in Sources */ = {isa = PBXBuildFile; fileRef = 1F1F31001CDA236C00A39FD1 /* RepoCellView.m */; };
		1F1F31031CDA237C00A39FD1 /* RepoCellView.xib in Resources */ = {isa = PBXBuildFile; fileRef = 1F1F31021CDA237C00A39FD1 /* RepoCellView.xib */; };
		1F1F31071CDA410F00A39FD1 /* Appearance.m in Sources */ = {isa = PBXBuildFile; fileRef = 1F1F31061CDA410F00A39FD1 /* Appearance.m */; };
		1F1F31091CDA450300A39FD1 /* MainMenu.xib in Resources */ = {isa = PBXBuildFile; fileRef = 1F1F31081CDA450300A39FD1 /* MainMenu.xib */; };
		1F1F310D1CDA465F00A39FD1 /* RepoAddWindowController.m in Sources */ = {isa = PBXBuildFile; fileRef = 1F1F310B1CDA465F00A39FD1 /* RepoAddWindowController.m */; };
		1F1F310E1CDA465F00A39FD1 /* RepoAddWindowController.xib in Resources */ = {isa = PBXBuildFile; fileRef = 1F1F310C1CDA465F00A39FD1 /* RepoAddWindowController.xib */; };
		1F1F31121CDA4CDB00A39FD1 /* BranchWindowController.m in Sources */ = {isa = PBXBuildFile; fileRef = 1F1F31101CDA4CDB00A39FD1 /* BranchWindowController.m */; };
		1F1F31131CDA4CDB00A39FD1 /* BranchWindowController.xib in Resources */ = {isa = PBXBuildFile; fileRef = 1F1F31111CDA4CDB00A39FD1 /* BranchWindowController.xib */; };
		1F1F31161CDA4CF200A39FD1 /* BranchCellView.m in Sources */ = {isa = PBXBuildFile; fileRef = 1F1F31151CDA4CF200A39FD1 /* BranchCellView.m */; };
		1F1F31181CDA4D0400A39FD1 /* BranchCellView.xib in Resources */ = {isa = PBXBuildFile; fileRef = 1F1F31171CDA4D0400A39FD1 /* BranchCellView.xib */; };
		1FB899DD1CE5BBB800E7936B /* PreferenceWindowController.m in Sources */ = {isa = PBXBuildFile; fileRef = 1FB899DB1CE5BBB800E7936B /* PreferenceWindowController.m */; };
		1FB899DE1CE5BBB800E7936B /* PreferenceWindowController.xib in Resources */ = {isa = PBXBuildFile; fileRef = 1FB899DC1CE5BBB800E7936B /* PreferenceWindowController.xib */; };
		1FF9E2441CDD8274000AE44C /* StatusMonitor.m in Sources */ = {isa = PBXBuildFile; fileRef = 1FF9E2431CDD8274000AE44C /* StatusMonitor.m */; };
		1FF9E2591CDDA5B5000AE44C /* Preference.m in Sources */ = {isa = PBXBuildFile; fileRef = 1FF9E2581CDDA5B5000AE44C /* Preference.m */; };
		1FFED1971CE23404006A81A6 /* unsafe_clean@2x.png in Resources */ = {isa = PBXBuildFile; fileRef = 1FFED1931CE23404006A81A6 /* unsafe_clean@2x.png */; };
		1FFED1981CE23404006A81A6 /* unsafe_unclean@2x.png in Resources */ = {isa = PBXBuildFile; fileRef = 1FFED1941CE23404006A81A6 /* unsafe_unclean@2x.png */; };
		1FFED1991CE23404006A81A6 /* safe_clean@2x.png in Resources */ = {isa = PBXBuildFile; fileRef = 1FFED1951CE23404006A81A6 /* safe_clean@2x.png */; };
		1FFED19A1CE23404006A81A6 /* safe_unclean@2x.png in Resources */ = {isa = PBXBuildFile; fileRef = 1FFED1961CE23404006A81A6 /* safe_unclean@2x.png */; };
/* End PBXBuildFile section */

/* Begin PBXFileReference section */
		1F01F2E81CD8ECDE0059E9D2 /* GitStatus.app */ = {isa = PBXFileReference; explicitFileType = wrapper.application; includeInIndex = 0; path = GitStatus.app; sourceTree = BUILT_PRODUCTS_DIR; };
		1F01F2EB1CD8ECDE0059E9D2 /* AppDelegate.h */ = {isa = PBXFileReference; lastKnownFileType = sourcecode.c.h; path = AppDelegate.h; sourceTree = "<group>"; };
		1F01F2EC1CD8ECDE0059E9D2 /* AppDelegate.m */ = {isa = PBXFileReference; lastKnownFileType = sourcecode.c.objc; path = AppDelegate.m; sourceTree = "<group>"; };
		1F01F2EF1CD8ECDE0059E9D2 /* main.m */ = {isa = PBXFileReference; lastKnownFileType = sourcecode.c.objc; path = main.m; sourceTree = "<group>"; };
		1F01F2F11CD8ECDE0059E9D2 /* Assets.xcassets */ = {isa = PBXFileReference; lastKnownFileType = folder.assetcatalog; path = Assets.xcassets; sourceTree = "<group>"; };
		1F01F2F61CD8ECDE0059E9D2 /* Info.plist */ = {isa = PBXFileReference; lastKnownFileType = text.plist.xml; path = Info.plist; sourceTree = "<group>"; };
		1F01F2FD1CD8F53F0059E9D2 /* CmdUtil.h */ = {isa = PBXFileReference; fileEncoding = 4; lastKnownFileType = sourcecode.c.h; path = CmdUtil.h; sourceTree = "<group>"; };
		1F01F2FE1CD8F53F0059E9D2 /* CmdUtil.m */ = {isa = PBXFileReference; fileEncoding = 4; lastKnownFileType = sourcecode.c.objc; path = CmdUtil.m; sourceTree = "<group>"; };
		1F01F3041CD8F6D30059E9D2 /* GitUtil.h */ = {isa = PBXFileReference; fileEncoding = 4; lastKnownFileType = sourcecode.c.h; path = GitUtil.h; sourceTree = "<group>"; };
		1F01F3051CD8F6D30059E9D2 /* GitUtil.m */ = {isa = PBXFileReference; fileEncoding = 4; lastKnownFileType = sourcecode.c.objc; path = GitUtil.m; sourceTree = "<group>"; };
		1F01F3071CD8F9780059E9D2 /* FileUtil.h */ = {isa = PBXFileReference; fileEncoding = 4; lastKnownFileType = sourcecode.c.h; path = FileUtil.h; sourceTree = "<group>"; };
		1F01F3081CD8F9780059E9D2 /* FileUtil.m */ = {isa = PBXFileReference; fileEncoding = 4; lastKnownFileType = sourcecode.c.objc; path = FileUtil.m; sourceTree = "<group>"; };
		1F01F30A1CD8F9D80059E9D2 /* gitstatus.pch */ = {isa = PBXFileReference; lastKnownFileType = sourcecode.c.h; path = gitstatus.pch; sourceTree = "<group>"; };
		1F01F30C1CD8FB8F0059E9D2 /* TestUtil.h */ = {isa = PBXFileReference; fileEncoding = 4; lastKnownFileType = sourcecode.c.h; path = TestUtil.h; sourceTree = "<group>"; };
		1F01F30D1CD8FB8F0059E9D2 /* TestUtil.m */ = {isa = PBXFileReference; fileEncoding = 4; lastKnownFileType = sourcecode.c.objc; path = TestUtil.m; sourceTree = "<group>"; };
		1F01F3111CD905960059E9D2 /* Repository.h */ = {isa = PBXFileReference; fileEncoding = 4; lastKnownFileType = sourcecode.c.h; path = Repository.h; sourceTree = "<group>"; };
		1F01F3121CD905960059E9D2 /* Repository.m */ = {isa = PBXFileReference; fileEncoding = 4; lastKnownFileType = sourcecode.c.objc; path = Repository.m; sourceTree = "<group>"; };
		1F01F3141CD9059D0059E9D2 /* Branch.h */ = {isa = PBXFileReference; fileEncoding = 4; lastKnownFileType = sourcecode.c.h; path = Branch.h; sourceTree = "<group>"; };
		1F01F3151CD9059D0059E9D2 /* Branch.m */ = {isa = PBXFileReference; fileEncoding = 4; lastKnownFileType = sourcecode.c.objc; path = Branch.m; sourceTree = "<group>"; };
		1F01F3171CD907990059E9D2 /* repo.plist */ = {isa = PBXFileReference; fileEncoding = 4; lastKnownFileType = text.plist.xml; path = repo.plist; sourceTree = "<group>"; };
		1F01F31D1CD908C30059E9D2 /* RepoUtil.h */ = {isa = PBXFileReference; fileEncoding = 4; lastKnownFileType = sourcecode.c.h; path = RepoUtil.h; sourceTree = "<group>"; };
		1F01F31E1CD908C30059E9D2 /* RepoUtil.m */ = {isa = PBXFileReference; fileEncoding = 4; lastKnownFileType = sourcecode.c.objc; path = RepoUtil.m; sourceTree = "<group>"; };
		1F1F30FA1CDA206100A39FD1 /* RepoWindowController.h */ = {isa = PBXFileReference; fileEncoding = 4; lastKnownFileType = sourcecode.c.h; path = RepoWindowController.h; sourceTree = "<group>"; };
		1F1F30FB1CDA206100A39FD1 /* RepoWindowController.m */ = {isa = PBXFileReference; fileEncoding = 4; lastKnownFileType = sourcecode.c.objc; path = RepoWindowController.m; sourceTree = "<group>"; };
		1F1F30FC1CDA206100A39FD1 /* RepoWindowController.xib */ = {isa = PBXFileReference; fileEncoding = 4; lastKnownFileType = file.xib; path = RepoWindowController.xib; sourceTree = "<group>"; };
		1F1F30FF1CDA236C00A39FD1 /* RepoCellView.h */ = {isa = PBXFileReference; fileEncoding = 4; lastKnownFileType = sourcecode.c.h; path = RepoCellView.h; sourceTree = "<group>"; };
		1F1F31001CDA236C00A39FD1 /* RepoCellView.m */ = {isa = PBXFileReference; fileEncoding = 4; lastKnownFileType = sourcecode.c.objc; path = RepoCellView.m; sourceTree = "<group>"; };
		1F1F31021CDA237C00A39FD1 /* RepoCellView.xib */ = {isa = PBXFileReference; fileEncoding = 4; lastKnownFileType = file.xib; path = RepoCellView.xib; sourceTree = "<group>"; };
		1F1F31051CDA410F00A39FD1 /* Appearance.h */ = {isa = PBXFileReference; fileEncoding = 4; lastKnownFileType = sourcecode.c.h; path = Appearance.h; sourceTree = "<group>"; };
		1F1F31061CDA410F00A39FD1 /* Appearance.m */ = {isa = PBXFileReference; fileEncoding = 4; lastKnownFileType = sourcecode.c.objc; path = Appearance.m; sourceTree = "<group>"; };
		1F1F31081CDA450300A39FD1 /* MainMenu.xib */ = {isa = PBXFileReference; fileEncoding = 4; lastKnownFileType = file.xib; path = MainMenu.xib; sourceTree = "<group>"; };
		1F1F310A1CDA465F00A39FD1 /* RepoAddWindowController.h */ = {isa = PBXFileReference; fileEncoding = 4; lastKnownFileType = sourcecode.c.h; path = RepoAddWindowController.h; sourceTree = "<group>"; };
		1F1F310B1CDA465F00A39FD1 /* RepoAddWindowController.m */ = {isa = PBXFileReference; fileEncoding = 4; lastKnownFileType = sourcecode.c.objc; path = RepoAddWindowController.m; sourceTree = "<group>"; };
		1F1F310C1CDA465F00A39FD1 /* RepoAddWindowController.xib */ = {isa = PBXFileReference; fileEncoding = 4; lastKnownFileType = file.xib; path = RepoAddWindowController.xib; sourceTree = "<group>"; };
		1F1F310F1CDA4CDB00A39FD1 /* BranchWindowController.h */ = {isa = PBXFileReference; fileEncoding = 4; lastKnownFileType = sourcecode.c.h; path = BranchWindowController.h; sourceTree = "<group>"; };
		1F1F31101CDA4CDB00A39FD1 /* BranchWindowController.m */ = {isa = PBXFileReference; fileEncoding = 4; lastKnownFileType = sourcecode.c.objc; path = BranchWindowController.m; sourceTree = "<group>"; };
		1F1F31111CDA4CDB00A39FD1 /* BranchWindowController.xib */ = {isa = PBXFileReference; fileEncoding = 4; lastKnownFileType = file.xib; path = BranchWindowController.xib; sourceTree = "<group>"; };
		1F1F31141CDA4CF200A39FD1 /* BranchCellView.h */ = {isa = PBXFileReference; fileEncoding = 4; lastKnownFileType = sourcecode.c.h; path = BranchCellView.h; sourceTree = "<group>"; };
		1F1F31151CDA4CF200A39FD1 /* BranchCellView.m */ = {isa = PBXFileReference; fileEncoding = 4; lastKnownFileType = sourcecode.c.objc; path = BranchCellView.m; sourceTree = "<group>"; };
		1F1F31171CDA4D0400A39FD1 /* BranchCellView.xib */ = {isa = PBXFileReference; fileEncoding = 4; lastKnownFileType = file.xib; path = BranchCellView.xib; sourceTree = "<group>"; };
		1FB899DA1CE5BBB800E7936B /* PreferenceWindowController.h */ = {isa = PBXFileReference; fileEncoding = 4; lastKnownFileType = sourcecode.c.h; path = PreferenceWindowController.h; sourceTree = "<group>"; };
		1FB899DB1CE5BBB800E7936B /* PreferenceWindowController.m */ = {isa = PBXFileReference; fileEncoding = 4; lastKnownFileType = sourcecode.c.objc; path = PreferenceWindowController.m; sourceTree = "<group>"; };
		1FB899DC1CE5BBB800E7936B /* PreferenceWindowController.xib */ = {isa = PBXFileReference; fileEncoding = 4; lastKnownFileType = file.xib; path = PreferenceWindowController.xib; sourceTree = "<group>"; };
		1FF9E2421CDD8274000AE44C /* StatusMonitor.h */ = {isa = PBXFileReference; fileEncoding = 4; lastKnownFileType = sourcecode.c.h; path = StatusMonitor.h; sourceTree = "<group>"; };
		1FF9E2431CDD8274000AE44C /* StatusMonitor.m */ = {isa = PBXFileReference; fileEncoding = 4; lastKnownFileType = sourcecode.c.objc; path = StatusMonitor.m; sourceTree = "<group>"; };
		1FF9E2571CDDA5B5000AE44C /* Preference.h */ = {isa = PBXFileReference; fileEncoding = 4; lastKnownFileType = sourcecode.c.h; path = Preference.h; sourceTree = "<group>"; };
		1FF9E2581CDDA5B5000AE44C /* Preference.m */ = {isa = PBXFileReference; fileEncoding = 4; lastKnownFileType = sourcecode.c.objc; path = Preference.m; sourceTree = "<group>"; };
		1FFED1931CE23404006A81A6 /* unsafe_clean@2x.png */ = {isa = PBXFileReference; lastKnownFileType = image.png; path = "unsafe_clean@2x.png"; sourceTree = "<group>"; };
		1FFED1941CE23404006A81A6 /* unsafe_unclean@2x.png */ = {isa = PBXFileReference; lastKnownFileType = image.png; path = "unsafe_unclean@2x.png"; sourceTree = "<group>"; };
		1FFED1951CE23404006A81A6 /* safe_clean@2x.png */ = {isa = PBXFileReference; lastKnownFileType = image.png; path = "safe_clean@2x.png"; sourceTree = "<group>"; };
		1FFED1961CE23404006A81A6 /* safe_unclean@2x.png */ = {isa = PBXFileReference; lastKnownFileType = image.png; path = "safe_unclean@2x.png"; sourceTree = "<group>"; };
/* End PBXFileReference section */

/* Begin PBXFrameworksBuildPhase section */
		1F01F2E51CD8ECDE0059E9D2 /* Frameworks */ = {
			isa = PBXFrameworksBuildPhase;
			buildActionMask = 2147483647;
			files = (
			);
			runOnlyForDeploymentPostprocessing = 0;
		};
/* End PBXFrameworksBuildPhase section */

/* Begin PBXGroup section */
		1F01F2DF1CD8ECDE0059E9D2 = {
			isa = PBXGroup;
			children = (
				1F01F2EA1CD8ECDE0059E9D2 /* GitStatus */,
				1F01F2E91CD8ECDE0059E9D2 /* Products */,
			);
			sourceTree = "<group>";
		};
		1F01F2E91CD8ECDE0059E9D2 /* Products */ = {
			isa = PBXGroup;
			children = (
				1F01F2E81CD8ECDE0059E9D2 /* GitStatus.app */,
			);
			name = Products;
			sourceTree = "<group>";
		};
		1F01F2EA1CD8ECDE0059E9D2 /* GitStatus */ = {
			isa = PBXGroup;
			children = (
				1FF9E2561CDDA598000AE44C /* preference */,
				1FF9E2451CDD9494000AE44C /* resource */,
				1F1F31041CDA40FA00A39FD1 /* config */,
				1F01F30B1CD8FB790059E9D2 /* Test */,
				1F01F2FC1CD8F50E0059E9D2 /* util */,
				1F01F3001CD8F66F0059E9D2 /* GitUtil */,
				1F01F3101CD905080059E9D2 /* domain */,
				1F01F3191CD908400059E9D2 /* dao */,
				1F1F30F91CDA1F1400A39FD1 /* controller */,
				1FF9E2411CDD8196000AE44C /* routine */,
				1F01F2EB1CD8ECDE0059E9D2 /* AppDelegate.h */,
				1F01F2EC1CD8ECDE0059E9D2 /* AppDelegate.m */,
				1F01F2F11CD8ECDE0059E9D2 /* Assets.xcassets */,
				1F01F2F61CD8ECDE0059E9D2 /* Info.plist */,
				1F01F2EE1CD8ECDE0059E9D2 /* Supporting Files */,
			);
			path = GitStatus;
			sourceTree = "<group>";
		};
		1F01F2EE1CD8ECDE0059E9D2 /* Supporting Files */ = {
			isa = PBXGroup;
			children = (
				1F1F31081CDA450300A39FD1 /* MainMenu.xib */,
				1F01F2EF1CD8ECDE0059E9D2 /* main.m */,
				1F01F30A1CD8F9D80059E9D2 /* gitstatus.pch */,
			);
			name = "Supporting Files";
			sourceTree = "<group>";
		};
		1F01F2FC1CD8F50E0059E9D2 /* util */ = {
			isa = PBXGroup;
			children = (
				1F01F2FD1CD8F53F0059E9D2 /* CmdUtil.h */,
				1F01F2FE1CD8F53F0059E9D2 /* CmdUtil.m */,
				1F01F3071CD8F9780059E9D2 /* FileUtil.h */,
				1F01F3081CD8F9780059E9D2 /* FileUtil.m */,
			);
			path = util;
			sourceTree = "<group>";
		};
		1F01F3001CD8F66F0059E9D2 /* GitUtil */ = {
			isa = PBXGroup;
			children = (
				1F01F3041CD8F6D30059E9D2 /* GitUtil.h */,
				1F01F3051CD8F6D30059E9D2 /* GitUtil.m */,
			);
			path = GitUtil;
			sourceTree = "<group>";
		};
		1F01F30B1CD8FB790059E9D2 /* Test */ = {
			isa = PBXGroup;
			children = (
				1F01F30C1CD8FB8F0059E9D2 /* TestUtil.h */,
				1F01F30D1CD8FB8F0059E9D2 /* TestUtil.m */,
				1F01F3171CD907990059E9D2 /* repo.plist */,
			);
			path = Test;
			sourceTree = "<group>";
		};
		1F01F3101CD905080059E9D2 /* domain */ = {
			isa = PBXGroup;
			children = (
				1F01F3111CD905960059E9D2 /* Repository.h */,
				1F01F3121CD905960059E9D2 /* Repository.m */,
				1F01F3141CD9059D0059E9D2 /* Branch.h */,
				1F01F3151CD9059D0059E9D2 /* Branch.m */,
			);
			path = domain;
			sourceTree = "<group>";
		};
		1F01F3191CD908400059E9D2 /* dao */ = {
			isa = PBXGroup;
			children = (
				1F01F31D1CD908C30059E9D2 /* RepoUtil.h */,
				1F01F31E1CD908C30059E9D2 /* RepoUtil.m */,
			);
			path = dao;
			sourceTree = "<group>";
		};
		1F1F30F91CDA1F1400A39FD1 /* controller */ = {
			isa = PBXGroup;
			children = (
				1F1F30FA1CDA206100A39FD1 /* RepoWindowController.h */,
				1F1F30FB1CDA206100A39FD1 /* RepoWindowController.m */,
				1F1F30FC1CDA206100A39FD1 /* RepoWindowController.xib */,
				1F1F30FF1CDA236C00A39FD1 /* RepoCellView.h */,
				1F1F31001CDA236C00A39FD1 /* RepoCellView.m */,
				1F1F31021CDA237C00A39FD1 /* RepoCellView.xib */,
				1F1F310A1CDA465F00A39FD1 /* RepoAddWindowController.h */,
				1F1F310B1CDA465F00A39FD1 /* RepoAddWindowController.m */,
				1F1F310C1CDA465F00A39FD1 /* RepoAddWindowController.xib */,
				1F1F310F1CDA4CDB00A39FD1 /* BranchWindowController.h */,
				1F1F31101CDA4CDB00A39FD1 /* BranchWindowController.m */,
				1F1F31111CDA4CDB00A39FD1 /* BranchWindowController.xib */,
				1F1F31141CDA4CF200A39FD1 /* BranchCellView.h */,
				1F1F31151CDA4CF200A39FD1 /* BranchCellView.m */,
				1F1F31171CDA4D0400A39FD1 /* BranchCellView.xib */,
				1FB899DA1CE5BBB800E7936B /* PreferenceWindowController.h */,
				1FB899DB1CE5BBB800E7936B /* PreferenceWindowController.m */,
				1FB899DC1CE5BBB800E7936B /* PreferenceWindowController.xib */,
			);
			path = controller;
			sourceTree = "<group>";
		};
		1F1F31041CDA40FA00A39FD1 /* config */ = {
			isa = PBXGroup;
			children = (
				1F1F31051CDA410F00A39FD1 /* Appearance.h */,
				1F1F31061CDA410F00A39FD1 /* Appearance.m */,
			);
			path = config;
			sourceTree = "<group>";
		};
		1FF9E2411CDD8196000AE44C /* routine */ = {
			isa = PBXGroup;
			children = (
				1FF9E2421CDD8274000AE44C /* StatusMonitor.h */,
				1FF9E2431CDD8274000AE44C /* StatusMonitor.m */,
			);
			path = routine;
			sourceTree = "<group>";
		};
		1FF9E2451CDD9494000AE44C /* resource */ = {
			isa = PBXGroup;
			children = (
				1FFED1931CE23404006A81A6 /* unsafe_clean@2x.png */,
				1FFED1941CE23404006A81A6 /* unsafe_unclean@2x.png */,
				1FFED1951CE23404006A81A6 /* safe_clean@2x.png */,
				1FFED1961CE23404006A81A6 /* safe_unclean@2x.png */,
			);
			path = resource;
			sourceTree = "<group>";
		};
		1FF9E2561CDDA598000AE44C /* preference */ = {
			isa = PBXGroup;
			children = (
				1FF9E2571CDDA5B5000AE44C /* Preference.h */,
				1FF9E2581CDDA5B5000AE44C /* Preference.m */,
			);
			path = preference;
			sourceTree = "<group>";
		};
/* End PBXGroup section */

/* Begin PBXNativeTarget section */
		1F01F2E71CD8ECDE0059E9D2 /* GitStatus */ = {
			isa = PBXNativeTarget;
			buildConfigurationList = 1F01F2F91CD8ECDE0059E9D2 /* Build configuration list for PBXNativeTarget "GitStatus" */;
			buildPhases = (
				1F01F2E41CD8ECDE0059E9D2 /* Sources */,
				1F01F2E51CD8ECDE0059E9D2 /* Frameworks */,
				1F01F2E61CD8ECDE0059E9D2 /* Resources */,
			);
			buildRules = (
			);
			dependencies = (
			);
			name = GitStatus;
			productName = GitStatus;
			productReference = 1F01F2E81CD8ECDE0059E9D2 /* GitStatus.app */;
			productType = "com.apple.product-type.application";
		};
/* End PBXNativeTarget section */

/* Begin PBXProject section */
		1F01F2E01CD8ECDE0059E9D2 /* Project object */ = {
			isa = PBXProject;
			attributes = {
				LastUpgradeCheck = 0730;
				ORGANIZATIONNAME = "lyeah company";
				TargetAttributes = {
					1F01F2E71CD8ECDE0059E9D2 = {
						CreatedOnToolsVersion = 7.3;
					};
				};
			};
			buildConfigurationList = 1F01F2E31CD8ECDE0059E9D2 /* Build configuration list for PBXProject "GitStatus" */;
			compatibilityVersion = "Xcode 3.2";
			developmentRegion = English;
			hasScannedForEncodings = 0;
			knownRegions = (
				en,
				Base,
			);
			mainGroup = 1F01F2DF1CD8ECDE0059E9D2;
			productRefGroup = 1F01F2E91CD8ECDE0059E9D2 /* Products */;
			projectDirPath = "";
			projectRoot = "";
			targets = (
				1F01F2E71CD8ECDE0059E9D2 /* GitStatus */,
			);
		};
/* End PBXProject section */

/* Begin PBXResourcesBuildPhase section */
		1F01F2E61CD8ECDE0059E9D2 /* Resources */ = {
			isa = PBXResourcesBuildPhase;
			buildActionMask = 2147483647;
			files = (
				1F1F31031CDA237C00A39FD1 /* RepoCellView.xib in Resources */,
				1FFED1991CE23404006A81A6 /* safe_clean@2x.png in Resources */,
				1FFED1971CE23404006A81A6 /* unsafe_clean@2x.png in Resources */,
				1F1F31091CDA450300A39FD1 /* MainMenu.xib in Resources */,
				1F1F310E1CDA465F00A39FD1 /* RepoAddWindowController.xib in Resources */,
				1F01F2F21CD8ECDE0059E9D2 /* Assets.xcassets in Resources */,
				1F1F31181CDA4D0400A39FD1 /* BranchCellView.xib in Resources */,
				1F01F3181CD907990059E9D2 /* repo.plist in Resources */,
				1FFED19A1CE23404006A81A6 /* safe_unclean@2x.png in Resources */,
				1FB899DE1CE5BBB800E7936B /* PreferenceWindowController.xib in Resources */,
				1FFED1981CE23404006A81A6 /* unsafe_unclean@2x.png in Resources */,
				1F1F30FE1CDA206100A39FD1 /* RepoWindowController.xib in Resources */,
				1F1F31131CDA4CDB00A39FD1 /* BranchWindowController.xib in Resources */,
			);
			runOnlyForDeploymentPostprocessing = 0;
		};
/* End PBXResourcesBuildPhase section */

/* Begin PBXSourcesBuildPhase section */
		1F01F2E41CD8ECDE0059E9D2 /* Sources */ = {
			isa = PBXSourcesBuildPhase;
			buildActionMask = 2147483647;
			files = (
				1F1F31161CDA4CF200A39FD1 /* BranchCellView.m in Sources */,
				1F01F3131CD905960059E9D2 /* Repository.m in Sources */,
				1F01F3161CD9059D0059E9D2 /* Branch.m in Sources */,
				1F1F310D1CDA465F00A39FD1 /* RepoAddWindowController.m in Sources */,
				1F01F31F1CD908C30059E9D2 /* RepoUtil.m in Sources */,
				1F01F3091CD8F9780059E9D2 /* FileUtil.m in Sources */,
				1FF9E2441CDD8274000AE44C /* StatusMonitor.m in Sources */,
				1F01F30E1CD8FB8F0059E9D2 /* TestUtil.m in Sources */,
				1F01F2F01CD8ECDE0059E9D2 /* main.m in Sources */,
				1F01F2FF1CD8F53F0059E9D2 /* CmdUtil.m in Sources */,
				1F1F31071CDA410F00A39FD1 /* Appearance.m in Sources */,
				1F1F31121CDA4CDB00A39FD1 /* BranchWindowController.m in Sources */,
				1F1F30FD1CDA206100A39FD1 /* RepoWindowController.m in Sources */,
				1F01F3061CD8F6D30059E9D2 /* GitUtil.m in Sources */,
				1F01F2ED1CD8ECDE0059E9D2 /* AppDelegate.m in Sources */,
				1F1F31011CDA236C00A39FD1 /* RepoCellView.m in Sources */,
				1FB899DD1CE5BBB800E7936B /* PreferenceWindowController.m in Sources */,
				1FF9E2591CDDA5B5000AE44C /* Preference.m in Sources */,
			);
			runOnlyForDeploymentPostprocessing = 0;
		};
/* End PBXSourcesBuildPhase section */

/* Begin XCBuildConfiguration section */
		1F01F2F71CD8ECDE0059E9D2 /* Debug */ = {
			isa = XCBuildConfiguration;
			buildSettings = {
				ALWAYS_SEARCH_USER_PATHS = NO;
				CLANG_ANALYZER_NONNULL = YES;
				CLANG_CXX_LANGUAGE_STANDARD = "gnu++0x";
				CLANG_CXX_LIBRARY = "libc++";
				CLANG_ENABLE_MODULES = YES;
				CLANG_ENABLE_OBJC_ARC = YES;
				CLANG_WARN_BOOL_CONVERSION = YES;
				CLANG_WARN_CONSTANT_CONVERSION = YES;
				CLANG_WARN_DIRECT_OBJC_ISA_USAGE = YES_ERROR;
				CLANG_WARN_EMPTY_BODY = YES;
				CLANG_WARN_ENUM_CONVERSION = YES;
				CLANG_WARN_INT_CONVERSION = YES;
				CLANG_WARN_OBJC_ROOT_CLASS = YES_ERROR;
				CLANG_WARN_UNREACHABLE_CODE = YES;
				CLANG_WARN__DUPLICATE_METHOD_MATCH = YES;
				CODE_SIGN_IDENTITY = "-";
				COPY_PHASE_STRIP = NO;
				DEBUG_INFORMATION_FORMAT = dwarf;
				ENABLE_STRICT_OBJC_MSGSEND = YES;
				ENABLE_TESTABILITY = YES;
				GCC_C_LANGUAGE_STANDARD = gnu99;
				GCC_DYNAMIC_NO_PIC = NO;
				GCC_NO_COMMON_BLOCKS = YES;
				GCC_OPTIMIZATION_LEVEL = 0;
				GCC_PREPROCESSOR_DEFINITIONS = (
					"DEBUG=1",
					"$(inherited)",
				);
				GCC_WARN_64_TO_32_BIT_CONVERSION = YES;
				GCC_WARN_ABOUT_RETURN_TYPE = YES_ERROR;
				GCC_WARN_UNDECLARED_SELECTOR = YES;
				GCC_WARN_UNINITIALIZED_AUTOS = YES_AGGRESSIVE;
				GCC_WARN_UNUSED_FUNCTION = YES;
				GCC_WARN_UNUSED_VARIABLE = YES;
				MACOSX_DEPLOYMENT_TARGET = 10.11;
				MTL_ENABLE_DEBUG_INFO = YES;
				ONLY_ACTIVE_ARCH = YES;
				SDKROOT = macosx;
			};
			name = Debug;
		};
		1F01F2F81CD8ECDE0059E9D2 /* Release */ = {
			isa = XCBuildConfiguration;
			buildSettings = {
				ALWAYS_SEARCH_USER_PATHS = NO;
				CLANG_ANALYZER_NONNULL = YES;
				CLANG_CXX_LANGUAGE_STANDARD = "gnu++0x";
				CLANG_CXX_LIBRARY = "libc++";
				CLANG_ENABLE_MODULES = YES;
				CLANG_ENABLE_OBJC_ARC = YES;
				CLANG_WARN_BOOL_CONVERSION = YES;
				CLANG_WARN_CONSTANT_CONVERSION = YES;
				CLANG_WARN_DIRECT_OBJC_ISA_USAGE = YES_ERROR;
				CLANG_WARN_EMPTY_BODY = YES;
				CLANG_WARN_ENUM_CONVERSION = YES;
				CLANG_WARN_INT_CONVERSION = YES;
				CLANG_WARN_OBJC_ROOT_CLASS = YES_ERROR;
				CLANG_WARN_UNREACHABLE_CODE = YES;
				CLANG_WARN__DUPLICATE_METHOD_MATCH = YES;
				CODE_SIGN_IDENTITY = "-";
				COPY_PHASE_STRIP = NO;
				DEBUG_INFORMATION_FORMAT = "dwarf-with-dsym";
				ENABLE_NS_ASSERTIONS = NO;
				ENABLE_STRICT_OBJC_MSGSEND = YES;
				GCC_C_LANGUAGE_STANDARD = gnu99;
				GCC_NO_COMMON_BLOCKS = YES;
				GCC_WARN_64_TO_32_BIT_CONVERSION = YES;
				GCC_WARN_ABOUT_RETURN_TYPE = YES_ERROR;
				GCC_WARN_UNDECLARED_SELECTOR = YES;
				GCC_WARN_UNINITIALIZED_AUTOS = YES_AGGRESSIVE;
				GCC_WARN_UNUSED_FUNCTION = YES;
				GCC_WARN_UNUSED_VARIABLE = YES;
				MACOSX_DEPLOYMENT_TARGET = 10.11;
				MTL_ENABLE_DEBUG_INFO = NO;
				SDKROOT = macosx;
			};
			name = Release;
		};
		1F01F2FA1CD8ECDE0059E9D2 /* Debug */ = {
			isa = XCBuildConfiguration;
			buildSettings = {
				ASSETCATALOG_COMPILER_APPICON_NAME = AppIcon;
				COMBINE_HIDPI_IMAGES = YES;
				GCC_PRECOMPILE_PREFIX_HEADER = YES;
				GCC_PREFIX_HEADER = /Users/zhangxiaogang/Project/GitStatus/GitStatus/gitstatus.pch;
				INFOPLIST_FILE = GitStatus/Info.plist;
				LD_RUNPATH_SEARCH_PATHS = "$(inherited) @executable_path/../Frameworks";
				PRODUCT_BUNDLE_IDENTIFIER = com.lyeah.GitStatus;
				PRODUCT_NAME = "$(TARGET_NAME)";
			};
			name = Debug;
		};
		1F01F2FB1CD8ECDE0059E9D2 /* Release */ = {
			isa = XCBuildConfiguration;
			buildSettings = {
				ASSETCATALOG_COMPILER_APPICON_NAME = AppIcon;
				COMBINE_HIDPI_IMAGES = YES;
				GCC_PRECOMPILE_PREFIX_HEADER = YES;
				GCC_PREFIX_HEADER = /Users/zhangxiaogang/Project/GitStatus/GitStatus/gitstatus.pch;
				INFOPLIST_FILE = GitStatus/Info.plist;
				LD_RUNPATH_SEARCH_PATHS = "$(inherited) @executable_path/../Frameworks";
				PRODUCT_BUNDLE_IDENTIFIER = com.lyeah.GitStatus;
				PRODUCT_NAME = "$(TARGET_NAME)";
			};
			name = Release;
		};
/* End XCBuildConfiguration section */

/* Begin XCConfigurationList section */
		1F01F2E31CD8ECDE0059E9D2 /* Build configuration list for PBXProject "GitStatus" */ = {
			isa = XCConfigurationList;
			buildConfigurations = (
				1F01F2F71CD8ECDE0059E9D2 /* Debug */,
				1F01F2F81CD8ECDE0059E9D2 /* Release */,
			);
			defaultConfigurationIsVisible = 0;
			defaultConfigurationName = Release;
		};
		1F01F2F91CD8ECDE0059E9D2 /* Build configuration list for PBXNativeTarget "GitStatus" */ = {
			isa = XCConfigurationList;
			buildConfigurations = (
				1F01F2FA1CD8ECDE0059E9D2 /* Debug */,
				1F01F2FB1CD8ECDE0059E9D2 /* Release */,
			);
			defaultConfigurationIsVisible = 0;
			defaultConfigurationName = Release;
		};
/* End XCConfigurationList section */
	};
	rootObject = 1F01F2E01CD8ECDE0059E9D2 /* Project object */;
}
